
Microsoft Visual Studio Solution File, Format Version 12.00
# Visual Studio 15
VisualStudioVersion = 15.0.26124.0
MinimumVisualStudioVersion = 15.0.26124.0
Project("{FAE04EC0-301F-11D3-BF4B-00C04F79EFBC}") = "API.Authentication", "API.Authentication\API.Authentication.csproj", "{990495AD-F38B-4225-B9CE-498ACED0A84B}"
EndProject
Project("{FAE04EC0-301F-11D3-BF4B-00C04F79EFBC}") = "API.Data", "API.Data\API.Data.csproj", "{EF4CA5E0-BF20-485B-9F57-113D5A7D12E9}"
EndProject
Global
	GlobalSection(SolutionConfigurationPlatforms) = preSolution
		Debug|Any CPU = Debug|Any CPU
		Debug|x64 = Debug|x64
		Debug|x86 = Debug|x86
		Release|Any CPU = Release|Any CPU
		Release|x64 = Release|x64
		Release|x86 = Release|x86
	EndGlobalSection
	GlobalSection(SolutionProperties) = preSolution
		HideSolutionNode = FALSE
	EndGlobalSection
	GlobalSection(ProjectConfigurationPlatforms) = postSolution
		{990495AD-F38B-4225-B9CE-498ACED0A84B}.Debug|Any CPU.ActiveCfg = Debug|Any CPU
		{990495AD-F38B-4225-B9CE-498ACED0A84B}.Debug|Any CPU.Build.0 = Debug|Any CPU
		{990495AD-F38B-4225-B9CE-498ACED0A84B}.Debug|x64.ActiveCfg = Debug|Any CPU
		{990495AD-F38B-4225-B9CE-498ACED0A84B}.Debug|x64.Build.0 = Debug|Any CPU
		{990495AD-F38B-4225-B9CE-498ACED0A84B}.Debug|x86.ActiveCfg = Debug|Any CPU
		{990495AD-F38B-4225-B9CE-498ACED0A84B}.Debug|x86.Build.0 = Debug|Any CPU
		{990495AD-F38B-4225-B9CE-498ACED0A84B}.Release|Any CPU.ActiveCfg = Release|Any CPU
		{990495AD-F38B-4225-B9CE-498ACED0A84B}.Release|Any CPU.Build.0 = Release|Any CPU
		{990495AD-F38B-4225-B9CE-498ACED0A84B}.Release|x64.ActiveCfg = Release|Any CPU
		{990495AD-F38B-4225-B9CE-498ACED0A84B}.Release|x64.Build.0 = Release|Any CPU
		{990495AD-F38B-4225-B9CE-498ACED0A84B}.Release|x86.ActiveCfg = Release|Any CPU
		{990495AD-F38B-4225-B9CE-498ACED0A84B}.Release|x86.Build.0 = Release|Any CPU
		{01793B5B-4872-41BE-84D3-4BA25ABB99AB}.Debug|Any CPU.ActiveCfg = Debug|Any CPU
		{01793B5B-4872-41BE-84D3-4BA25ABB99AB}.Debug|Any CPU.Build.0 = Debug|Any CPU
		{01793B5B-4872-41BE-84D3-4BA25ABB99AB}.Debug|x64.ActiveCfg = Debug|Any CPU
		{01793B5B-4872-41BE-84D3-4BA25ABB99AB}.Debug|x64.Build.0 = Debug|Any CPU
		{01793B5B-4872-41BE-84D3-4BA25ABB99AB}.Debug|x86.ActiveCfg = Debug|Any CPU
		{01793B5B-4872-41BE-84D3-4BA25ABB99AB}.Debug|x86.Build.0 = Debug|Any CPU
		{01793B5B-4872-41BE-84D3-4BA25ABB99AB}.Release|Any CPU.ActiveCfg = Release|Any CPU
		{01793B5B-4872-41BE-84D3-4BA25ABB99AB}.Release|Any CPU.Build.0 = Release|Any CPU
		{01793B5B-4872-41BE-84D3-4BA25ABB99AB}.Release|x64.ActiveCfg = Release|Any CPU
		{01793B5B-4872-41BE-84D3-4BA25ABB99AB}.Release|x64.Build.0 = Release|Any CPU
		{01793B5B-4872-41BE-84D3-4BA25ABB99AB}.Release|x86.ActiveCfg = Release|Any CPU
		{01793B5B-4872-41BE-84D3-4BA25ABB99AB}.Release|x86.Build.0 = Release|Any CPU
		{EF4CA5E0-BF20-485B-9F57-113D5A7D12E9}.Debug|Any CPU.ActiveCfg = Debug|Any CPU
		{EF4CA5E0-BF20-485B-9F57-113D5A7D12E9}.Debug|Any CPU.Build.0 = Debug|Any CPU
		{EF4CA5E0-BF20-485B-9F57-113D5A7D12E9}.Debug|x64.ActiveCfg = Debug|Any CPU
		{EF4CA5E0-BF20-485B-9F57-113D5A7D12E9}.Debug|x64.Build.0 = Debug|Any CPU
		{EF4CA5E0-BF20-485B-9F57-113D5A7D12E9}.Debug|x86.ActiveCfg = Debug|Any CPU
		{EF4CA5E0-BF20-485B-9F57-113D5A7D12E9}.Debug|x86.Build.0 = Debug|Any CPU
		{EF4CA5E0-BF20-485B-9F57-113D5A7D12E9}.Release|Any CPU.ActiveCfg = Release|Any CPU
		{EF4CA5E0-BF20-485B-9F57-113D5A7D12E9}.Release|Any CPU.Build.0 = Release|Any CPU
		{EF4CA5E0-BF20-485B-9F57-113D5A7D12E9}.Release|x64.ActiveCfg = Release|Any CPU
		{EF4CA5E0-BF20-485B-9F57-113D5A7D12E9}.Release|x64.Build.0 = Release|Any CPU
		{EF4CA5E0-BF20-485B-9F57-113D5A7D12E9}.Release|x86.ActiveCfg = Release|Any CPU
		{EF4CA5E0-BF20-485B-9F57-113D5A7D12E9}.Release|x86.Build.0 = Release|Any CPU
<<<<<<< HEAD
		{255C190E-6B24-4DD9-8F27-3279999E893E}.Debug|Any CPU.ActiveCfg = Debug|Any CPU
		{255C190E-6B24-4DD9-8F27-3279999E893E}.Debug|Any CPU.Build.0 = Debug|Any CPU
		{255C190E-6B24-4DD9-8F27-3279999E893E}.Debug|x64.ActiveCfg = Debug|Any CPU
		{255C190E-6B24-4DD9-8F27-3279999E893E}.Debug|x64.Build.0 = Debug|Any CPU
		{255C190E-6B24-4DD9-8F27-3279999E893E}.Debug|x86.ActiveCfg = Debug|Any CPU
		{255C190E-6B24-4DD9-8F27-3279999E893E}.Debug|x86.Build.0 = Debug|Any CPU
		{255C190E-6B24-4DD9-8F27-3279999E893E}.Release|Any CPU.ActiveCfg = Release|Any CPU
		{255C190E-6B24-4DD9-8F27-3279999E893E}.Release|Any CPU.Build.0 = Release|Any CPU
		{255C190E-6B24-4DD9-8F27-3279999E893E}.Release|x64.ActiveCfg = Release|Any CPU
		{255C190E-6B24-4DD9-8F27-3279999E893E}.Release|x64.Build.0 = Release|Any CPU
		{255C190E-6B24-4DD9-8F27-3279999E893E}.Release|x86.ActiveCfg = Release|Any CPU
		{255C190E-6B24-4DD9-8F27-3279999E893E}.Release|x86.Build.0 = Release|Any CPU
=======
>>>>>>> parent of 2be4257... giving up on trying to run multiple MVC apps from one server (mvc) at the same time. *sigh*
	EndGlobalSection
EndGlobal
